{
  "nodes": {
    "flakeNimbleLib": {
      "inputs": {
        "nixpkgs": [
          "nixpkgs"
        ]
      },
      "locked": {
        "lastModified": 1662018438,
        "narHash": "sha256-QtNtU6+LX3Wokxf0zlFwKTFOcn6TeDjKQZ+DA9OYtvM=",
        "owner": "riinr",
        "repo": "nim-flakes-lib",
        "rev": "b1fe8340736e3a85d25c709ac3dfd82a55c03cbf",
        "type": "github"
      },
      "original": {
        "owner": "riinr",
        "ref": "master",
        "repo": "nim-flakes-lib",
        "type": "github"
      }
    },
    "nixpkgs": {
      "locked": {
        "lastModified": 1667199707,
        "narHash": "sha256-I2Js3Y7gUyVSEXPULHlBoRek4Lh85vnevdS6mdvDNLI=",
        "owner": "NixOS",
        "repo": "nixpkgs",
        "rev": "ced197be72099edcfa68ebed8b87af7b04851f45",
        "type": "github"
      },
      "original": {
        "id": "nixpkgs",
        "type": "indirect"
      }
    },
    "opencv-master": {
      "inputs": {
        "flakeNimbleLib": [
          "flakeNimbleLib"
        ],
        "nixpkgs": [
          "nixpkgs"
        ],
        "src-opencv-master": "src-opencv-master"
      },
      "locked": {
        "dir": "master",
        "lastModified": 1667322549,
        "narHash": "sha256-DtuqKU7DwcpgMcyyMhIcmYBiqllqeW5LQgWNxosXVmE=",
        "owner": "nim-nix-pkgs",
        "repo": "opencv",
        "rev": "32f273863b9c398e1887657771526dd51f02e934",
        "type": "github"
      },
      "original": {
        "dir": "master",
        "owner": "nim-nix-pkgs",
        "ref": "master",
        "repo": "opencv",
        "type": "github"
      }
    },
    "root": {
      "inputs": {
        "flakeNimbleLib": "flakeNimbleLib",
        "nixpkgs": "nixpkgs",
        "opencv-master": "opencv-master"
      }
    },
    "src-opencv-master": {
      "flake": false,
      "locked": {
        "lastModified": 1618871063,
        "narHash": "sha256-dOREts8sklCDWXXsk98bB+Ix/l4VToYzbQ4gbAABbLU=",
        "owner": "dom96",
        "repo": "nim-opencv",
        "rev": "e1e3d57166fa3bc9e840184e038e5e1288809997",
        "type": "github"
      },
      "original": {
        "owner": "dom96",
        "ref": "refs/heads/master",
        "repo": "nim-opencv",
        "type": "github"
      }
    }
  },
  "root": "root",
  "version": 7
}
